
Microsoft Visual Studio Solution File, Format Version 12.00
# Visual Studio 15
VisualStudioVersion = 15.0.27130.2036
MinimumVisualStudioVersion = 10.0.40219.1
Project("{FAE04EC0-301F-11D3-BF4B-00C04F79EFBC}") = "Factory", "Factory\Factory.csproj", "{E7F8EBD9-2DBA-4976-AF54-43F2F763201F}"
EndProject
Global
	GlobalSection(SolutionConfigurationPlatforms) = preSolution
		Debug|Any CPU = Debug|Any CPU
		Release|Any CPU = Release|Any CPU
	EndGlobalSection
	GlobalSection(ProjectConfigurationPlatforms) = postSolution
		{E7F8EBD9-2DBA-4976-AF54-43F2F763201F}.Debug|Any CPU.ActiveCfg = Debug|Any CPU
		{E7F8EBD9-2DBA-4976-AF54-43F2F763201F}.Debug|Any CPU.Build.0 = Debug|Any CPU
		{E7F8EBD9-2DBA-4976-AF54-43F2F763201F}.Release|Any CPU.ActiveCfg = Release|Any CPU
		{E7F8EBD9-2DBA-4976-AF54-43F2F763201F}.Release|Any CPU.Build.0 = Release|Any CPU
	EndGlobalSection
	GlobalSection(SolutionProperties) = preSolution
		HideSolutionNode = FALSE
	EndGlobalSection
	GlobalSection(ExtensibilityGlobals) = postSolution
		SolutionGuid = {62D46B5F-438F-4CC0-BBA1-6D4FE7939324}
	EndGlobalSection
EndGlobal
