
Microsoft Visual Studio Solution File, Format Version 12.00
# Visual Studio 15
VisualStudioVersion = 15.0.27130.2036
MinimumVisualStudioVersion = 10.0.40219.1
Project("{FAE04EC0-301F-11D3-BF4B-00C04F79EFBC}") = "DataMapper", "DataMapper\DataMapper.csproj", "{23B47FBF-2F73-47EA-AC58-E80784E88AB8}"
EndProject
Global
	GlobalSection(SolutionConfigurationPlatforms) = preSolution
		Debug|Any CPU = Debug|Any CPU
		Release|Any CPU = Release|Any CPU
	EndGlobalSection
	GlobalSection(ProjectConfigurationPlatforms) = postSolution
		{23B47FBF-2F73-47EA-AC58-E80784E88AB8}.Debug|Any CPU.ActiveCfg = Debug|Any CPU
		{23B47FBF-2F73-47EA-AC58-E80784E88AB8}.Debug|Any CPU.Build.0 = Debug|Any CPU
		{23B47FBF-2F73-47EA-AC58-E80784E88AB8}.Release|Any CPU.ActiveCfg = Release|Any CPU
		{23B47FBF-2F73-47EA-AC58-E80784E88AB8}.Release|Any CPU.Build.0 = Release|Any CPU
	EndGlobalSection
	GlobalSection(SolutionProperties) = preSolution
		HideSolutionNode = FALSE
	EndGlobalSection
	GlobalSection(ExtensibilityGlobals) = postSolution
		SolutionGuid = {294F7B6A-CABC-4E0E-9108-57F1C5B542B4}
	EndGlobalSection
EndGlobal
